
Microsoft Visual Studio Solution File, Format Version 12.00
# Visual Studio 15
VisualStudioVersion = 15.0.28010.2041
MinimumVisualStudioVersion = 10.0.40219.1
Project("{FAE04EC0-301F-11D3-BF4B-00C04F79EFBC}") = "WindowsFormsApp4", "WindowsFormsApp4\WindowsFormsApp4.csproj", "{89224517-5251-47A5-9DFF-085C2F3B54ED}"
EndProject
Global
	GlobalSection(SolutionConfigurationPlatforms) = preSolution
		Debug|Any CPU = Debug|Any CPU
		Release|Any CPU = Release|Any CPU
	EndGlobalSection
	GlobalSection(ProjectConfigurationPlatforms) = postSolution
		{89224517-5251-47A5-9DFF-085C2F3B54ED}.Debug|Any CPU.ActiveCfg = Release|Any CPU
		{89224517-5251-47A5-9DFF-085C2F3B54ED}.Debug|Any CPU.Build.0 = Release|Any CPU
		{89224517-5251-47A5-9DFF-085C2F3B54ED}.Release|Any CPU.ActiveCfg = Release|Any CPU
		{89224517-5251-47A5-9DFF-085C2F3B54ED}.Release|Any CPU.Build.0 = Release|Any CPU
	EndGlobalSection
	GlobalSection(SolutionProperties) = preSolution
		HideSolutionNode = FALSE
	EndGlobalSection
	GlobalSection(ExtensibilityGlobals) = postSolution
		SolutionGuid = {C598BD1E-A72C-4F56-8F3C-69079A3931D4}
	EndGlobalSection
EndGlobal
